{
  "name": "webpack-demo11",
  "version": "1.0.0",
  "lockfileVersion": 2,
  "requires": true,
  "packages": {
    "": {
      "name": "webpack-demo11",
      "version": "1.0.0",
      "license": "MIT",
      "devDependencies": {
        "bundle-loader": "^0.5.6"
      }
    },
    "node_modules/big.js": {
      "version": "5.2.2",
      "resolved": "https://registry.npmjs.org/big.js/-/big.js-5.2.2.tgz",
      "integrity": "sha512-vyL2OymJxmarO8gxMr0mhChsO9QGwhynfuu4+MHTAW6czfq9humCB7rKpUjDd9YUiDPU4mzpyupFSvOClAwbmQ==",
      "dev": true,
      "engines": {
        "node": "*"
      }
    },
    "node_modules/bundle-loader": {
      "version": "0.5.6",
      "resolved": "https://registry.npmjs.org/bundle-loader/-/bundle-loader-0.5.6.tgz",
      "integrity": "sha512-SUgX+u/LJzlJiuoIghuubZ66eflehnjmqSfh/ib9DTe08sxRJ5F/MhHSjp7GfSJivSp8NWgez4PVNAUuMg7vSg==",
      "dev": true,
      "dependencies": {
        "loader-utils": "^1.1.0"
      },
      "engines": {
        "node": ">= 4"
      }
    },
    "node_modules/emojis-list": {
      "version": "3.0.0",
      "resolved": "https://registry.npmjs.org/emojis-list/-/emojis-list-3.0.0.tgz",
      "integrity": "sha512-/kyM18EfinwXZbno9FyUGeFh87KC8HRQBQGildHZbEuRyWFOmv1U10o9BBp8XVZDVNNuQKyIGIu5ZYAAXJ0V2Q==",
      "dev": true,
      "engines": {
        "node": ">= 4"
      }
    },
    "node_modules/json5": {
      "version": "1.0.1",
      "resolved": "https://registry.npmjs.org/json5/-/json5-1.0.1.tgz",
      "integrity": "sha512-aKS4WQjPenRxiQsC93MNfjx+nbF4PAdYzmd/1JIj8HYzqfbu86beTuNgXDzPknWk0n0uARlyewZo4s++ES36Ow==",
      "dev": true,
      "dependencies": {
        "minimist": "^1.2.0"
      },
      "bin": {
        "json5": "lib/cli.js"
      }
    },
    "node_modules/loader-utils": {
      "version": "1.4.0",
      "resolved": "https://registry.npmjs.org/loader-utils/-/loader-utils-1.4.0.tgz",
      "integrity": "sha512-qH0WSMBtn/oHuwjy/NucEgbx5dbxxnxup9s4PVXJUDHZBQY+s0NWA9rJf53RBnQZxfch7euUui7hpoAPvALZdA==",
      "dev": true,
      "dependencies": {
        "big.js": "^5.2.2",
        "emojis-list": "^3.0.0",
        "json5": "^1.0.1"
      },
      "engines": {
        "node": ">=4.0.0"
      }
    },
    "node_modules/minimist": {
      "version": "1.2.6",
      "resolved": "https://registry.npmjs.org/minimist/-/minimist-1.2.6.tgz",
      "integrity": "sha512-Jsjnk4bw3YJqYzbdyBiNsPWHPfO++UGG749Cxs6peCu5Xg4nrena6OVxOYxrQTqww0Jmwt+Ref8rggumkTLz9Q==",
      "dev": true
    }
  },
  "dependencies": {
    "big.js": {
      "version": "5.2.2",
      "resolved": "https://registry.npmjs.org/big.js/-/big.js-5.2.2.tgz",
      "integrity": "sha512-vyL2OymJxmarO8gxMr0mhChsO9QGwhynfuu4+MHTAW6czfq9humCB7rKpUjDd9YUiDPU4mzpyupFSvOClAwbmQ==",
      "dev": true
    },
    "bundle-loader": {
      "version": "0.5.6",
      "resolved": "https://registry.npmjs.org/bundle-loader/-/bundle-loader-0.5.6.tgz",
      "integrity": "sha512-SUgX+u/LJzlJiuoIghuubZ66eflehnjmqSfh/ib9DTe08sxRJ5F/MhHSjp7GfSJivSp8NWgez4PVNAUuMg7vSg==",
      "dev": true,
      "requires": {
        "loader-utils": "^1.1.0"
      }
    },
    "emojis-list": {
      "version": "3.0.0",
      "resolved": "https://registry.npmjs.org/emojis-list/-/emojis-list-3.0.0.tgz",
      "integrity": "sha512-/kyM18EfinwXZbno9FyUGeFh87KC8HRQBQGildHZbEuRyWFOmv1U10o9BBp8XVZDVNNuQKyIGIu5ZYAAXJ0V2Q==",
      "dev": true
    },
    "json5": {
      "version": "1.0.1",
      "resolved": "https://registry.npmjs.org/json5/-/json5-1.0.1.tgz",
      "integrity": "sha512-aKS4WQjPenRxiQsC93MNfjx+nbF4PAdYzmd/1JIj8HYzqfbu86beTuNgXDzPknWk0n0uARlyewZo4s++ES36Ow==",
      "dev": true,
      "requires": {
        "minimist": "^1.2.0"
      }
    },
    "loader-utils": {
      "version": "1.4.0",
      "resolved": "https://registry.npmjs.org/loader-utils/-/loader-utils-1.4.0.tgz",
      "integrity": "sha512-qH0WSMBtn/oHuwjy/NucEgbx5dbxxnxup9s4PVXJUDHZBQY+s0NWA9rJf53RBnQZxfch7euUui7hpoAPvALZdA==",
      "dev": true,
      "requires": {
        "big.js": "^5.2.2",
        "emojis-list": "^3.0.0",
        "json5": "^1.0.1"
      }
    },
    "minimist": {
      "version": "1.2.6",
      "resolved": "https://registry.npmjs.org/minimist/-/minimist-1.2.6.tgz",
      "integrity": "sha512-Jsjnk4bw3YJqYzbdyBiNsPWHPfO++UGG749Cxs6peCu5Xg4nrena6OVxOYxrQTqww0Jmwt+Ref8rggumkTLz9Q==",
      "dev": true
    }
  }
}
